// !$*UTF8*$!
{
	archiveVersion = 1;
	classes = {
	};
	objectVersion = 50;
	objects = {

/* Begin PBXBuildFile section */
		E789B6B0266B32EC00E88C6B /* AppDelegate.swift in Sources */ = {isa = PBXBuildFile; fileRef = E789B6AF266B32EC00E88C6B /* AppDelegate.swift */; };
		E789B6B2266B32EC00E88C6B /* SceneDelegate.swift in Sources */ = {isa = PBXBuildFile; fileRef = E789B6B1266B32EC00E88C6B /* SceneDelegate.swift */; };
		E789B6B4266B32EC00E88C6B /* ViewController.swift in Sources */ = {isa = PBXBuildFile; fileRef = E789B6B3266B32EC00E88C6B /* ViewController.swift */; };
		E789B6B7266B32EC00E88C6B /* Main.storyboard in Resources */ = {isa = PBXBuildFile; fileRef = E789B6B5266B32EC00E88C6B /* Main.storyboard */; };
		E789B6B9266B32F800E88C6B /* Assets.xcassets in Resources */ = {isa = PBXBuildFile; fileRef = E789B6B8266B32F800E88C6B /* Assets.xcassets */; };
		E789B6BC266B32F800E88C6B /* LaunchScreen.storyboard in Resources */ = {isa = PBXBuildFile; fileRef = E789B6BA266B32F800E88C6B /* LaunchScreen.storyboard */; };
		E789B6C7266B5A3700E88C6B /* VideoCollectionViewCell.swift in Sources */ = {isa = PBXBuildFile; fileRef = E789B6C6266B5A3700E88C6B /* VideoCollectionViewCell.swift */; };
		E789B6CE266B6B5B00E88C6B /* video.mp4 in Resources */ = {isa = PBXBuildFile; fileRef = E789B6CD266B6B5B00E88C6B /* video.mp4 */; };
/* End PBXBuildFile section */

/* Begin PBXFileReference section */
		E789B6AC266B32EC00E88C6B /* TikTokFeed.app */ = {isa = PBXFileReference; explicitFileType = wrapper.application; includeInIndex = 0; path = TikTokFeed.app; sourceTree = BUILT_PRODUCTS_DIR; };
		E789B6AF266B32EC00E88C6B /* AppDelegate.swift */ = {isa = PBXFileReference; lastKnownFileType = sourcecode.swift; path = AppDelegate.swift; sourceTree = "<group>"; };
		E789B6B1266B32EC00E88C6B /* SceneDelegate.swift */ = {isa = PBXFileReference; lastKnownFileType = sourcecode.swift; path = SceneDelegate.swift; sourceTree = "<group>"; };
		E789B6B3266B32EC00E88C6B /* ViewController.swift */ = {isa = PBXFileReference; lastKnownFileType = sourcecode.swift; path = ViewController.swift; sourceTree = "<group>"; };
		E789B6B6266B32EC00E88C6B /* Base */ = {isa = PBXFileReference; lastKnownFileType = file.storyboard; name = Base; path = Base.lproj/Main.storyboard; sourceTree = "<group>"; };
		E789B6B8266B32F800E88C6B /* Assets.xcassets */ = {isa = PBXFileReference; lastKnownFileType = folder.assetcatalog; path = Assets.xcassets; sourceTree = "<group>"; };
		E789B6BB266B32F800E88C6B /* Base */ = {isa = PBXFileReference; lastKnownFileType = file.storyboard; name = Base; path = Base.lproj/LaunchScreen.storyboard; sourceTree = "<group>"; };
		E789B6BD266B32F800E88C6B /* Info.plist */ = {isa = PBXFileReference; lastKnownFileType = text.plist.xml; path = Info.plist; sourceTree = "<group>"; };
		E789B6C6266B5A3700E88C6B /* VideoCollectionViewCell.swift */ = {isa = PBXFileReference; lastKnownFileType = sourcecode.swift; path = VideoCollectionViewCell.swift; sourceTree = "<group>"; };
		E789B6CD266B6B5B00E88C6B /* video.mp4 */ = {isa = PBXFileReference; lastKnownFileType = file; path = video.mp4; sourceTree = "<group>"; };
/* End PBXFileReference section */

/* Begin PBXFrameworksBuildPhase section */
		E789B6A9266B32EC00E88C6B /* Frameworks */ = {
			isa = PBXFrameworksBuildPhase;
			buildActionMask = 2147483647;
			files = (
			);
			runOnlyForDeploymentPostprocessing = 0;
		};
/* End PBXFrameworksBuildPhase section */

/* Begin PBXGroup section */
		E789B6A3266B32EC00E88C6B = {
			isa = PBXGroup;
			children = (
				E789B6CD266B6B5B00E88C6B /* video.mp4 */,
				E789B6AE266B32EC00E88C6B /* TikTokFeed */,
				E789B6AD266B32EC00E88C6B /* Products */,
			);
			sourceTree = "<group>";
		};
		E789B6AD266B32EC00E88C6B /* Products */ = {
			isa = PBXGroup;
			children = (
				E789B6AC266B32EC00E88C6B /* TikTokFeed.app */,
			);
			name = Products;
			sourceTree = "<group>";
		};
		E789B6AE266B32EC00E88C6B /* TikTokFeed */ = {
			isa = PBXGroup;
			children = (
				E789B6AF266B32EC00E88C6B /* AppDelegate.swift */,
				E789B6B1266B32EC00E88C6B /* SceneDelegate.swift */,
				E789B6B3266B32EC00E88C6B /* ViewController.swift */,
				E789B6B5266B32EC00E88C6B /* Main.storyboard */,
				E789B6B8266B32F800E88C6B /* Assets.xcassets */,
				E789B6BA266B32F800E88C6B /* LaunchScreen.storyboard */,
				E789B6BD266B32F800E88C6B /* Info.plist */,
				E789B6C6266B5A3700E88C6B /* VideoCollectionViewCell.swift */,
			);
			path = TikTokFeed;
			sourceTree = "<group>";
		};
/* End PBXGroup section */

/* Begin PBXNativeTarget section */
		E789B6AB266B32EC00E88C6B /* TikTokFeed */ = {
			isa = PBXNativeTarget;
			buildConfigurationList = E789B6C0266B32F800E88C6B /* Build configuration list for PBXNativeTarget "TikTokFeed" */;
			buildPhases = (
				E789B6A8266B32EC00E88C6B /* Sources */,
				E789B6A9266B32EC00E88C6B /* Frameworks */,
				E789B6AA266B32EC00E88C6B /* Resources */,
			);
			buildRules = (
			);
			dependencies = (
			);
			name = TikTokFeed;
			productName = TikTokFeed;
			productReference = E789B6AC266B32EC00E88C6B /* TikTokFeed.app */;
			productType = "com.apple.product-type.application";
		};
/* End PBXNativeTarget section */

/* Begin PBXProject section */
		E789B6A4266B32EC00E88C6B /* Project object */ = {
			isa = PBXProject;
			attributes = {
				LastSwiftUpdateCheck = 1240;
				LastUpgradeCheck = 1240;
				TargetAttributes = {
					E789B6AB266B32EC00E88C6B = {
						CreatedOnToolsVersion = 12.4;
					};
				};
			};
			buildConfigurationList = E789B6A7266B32EC00E88C6B /* Build configuration list for PBXProject "TikTokFeed" */;
			compatibilityVersion = "Xcode 9.3";
			developmentRegion = en;
			hasScannedForEncodings = 0;
			knownRegions = (
				en,
				Base,
			);
			mainGroup = E789B6A3266B32EC00E88C6B;
			productRefGroup = E789B6AD266B32EC00E88C6B /* Products */;
			projectDirPath = "";
			projectRoot = "";
			targets = (
				E789B6AB266B32EC00E88C6B /* TikTokFeed */,
			);
		};
/* End PBXProject section */

/* Begin PBXResourcesBuildPhase section */
		E789B6AA266B32EC00E88C6B /* Resources */ = {
			isa = PBXResourcesBuildPhase;
			buildActionMask = 2147483647;
			files = (
				E789B6CE266B6B5B00E88C6B /* video.mp4 in Resources */,
				E789B6BC266B32F800E88C6B /* LaunchScreen.storyboard in Resources */,
				E789B6B9266B32F800E88C6B /* Assets.xcassets in Resources */,
				E789B6B7266B32EC00E88C6B /* Main.storyboard in Resources */,
			);
			runOnlyForDeploymentPostprocessing = 0;
		};
/* End PBXResourcesBuildPhase section */

/* Begin PBXSourcesBuildPhase section */
		E789B6A8266B32EC00E88C6B /* Sources */ = {
			isa = PBXSourcesBuildPhase;
			buildActionMask = 2147483647;
			files = (
				E789B6B4266B32EC00E88C6B /* ViewController.swift in Sources */,
				E789B6C7266B5A3700E88C6B /* VideoCollectionViewCell.swift in Sources */,
				E789B6B0266B32EC00E88C6B /* AppDelegate.swift in Sources */,
				E789B6B2266B32EC00E88C6B /* SceneDelegate.swift in Sources */,
			);
			runOnlyForDeploymentPostprocessing = 0;
		};
/* End PBXSourcesBuildPhase section */

/* Begin PBXVariantGroup section */
		E789B6B5266B32EC00E88C6B /* Main.storyboard */ = {
			isa = PBXVariantGroup;
			children = (
				E789B6B6266B32EC00E88C6B /* Base */,
			);
			name = Main.storyboard;
			sourceTree = "<group>";
		};
		E789B6BA266B32F800E88C6B /* LaunchScreen.storyboard */ = {
			isa = PBXVariantGroup;
			children = (
				E789B6BB266B32F800E88C6B /* Base */,
			);
			name = LaunchScreen.storyboard;
			sourceTree = "<group>";
		};
/* End PBXVariantGroup section */

/* Begin XCBuildConfiguration section */
		E789B6BE266B32F800E88C6B /* Debug */ = {
			isa = XCBuildConfiguration;
			buildSettings = {
				ALWAYS_SEARCH_USER_PATHS = NO;
				CLANG_ANALYZER_NONNULL = YES;
				CLANG_ANALYZER_NUMBER_OBJECT_CONVERSION = YES_AGGRESSIVE;
				CLANG_CXX_LANGUAGE_STANDARD = "gnu++14";
				CLANG_CXX_LIBRARY = "libc++";
				CLANG_ENABLE_MODULES = YES;
				CLANG_ENABLE_OBJC_ARC = YES;
				CLANG_ENABLE_OBJC_WEAK = YES;
				CLANG_WARN_BLOCK_CAPTURE_AUTORELEASING = YES;
				CLANG_WARN_BOOL_CONVERSION = YES;
				CLANG_WARN_COMMA = YES;
				CLANG_WARN_CONSTANT_CONVERSION = YES;
				CLANG_WARN_DEPRECATED_OBJC_IMPLEMENTATIONS = YES;
				CLANG_WARN_DIRECT_OBJC_ISA_USAGE = YES_ERROR;
				CLANG_WARN_DOCUMENTATION_COMMENTS = YES;
				CLANG_WARN_EMPTY_BODY = YES;
				CLANG_WARN_ENUM_CONVERSION = YES;
				CLANG_WARN_INFINITE_RECURSION = YES;
				CLANG_WARN_INT_CONVERSION = YES;
				CLANG_WARN_NON_LITERAL_NULL_CONVERSION = YES;
				CLANG_WARN_OBJC_IMPLICIT_RETAIN_SELF = YES;
				CLANG_WARN_OBJC_LITERAL_CONVERSION = YES;
				CLANG_WARN_OBJC_ROOT_CLASS = YES_ERROR;
				CLANG_WARN_QUOTED_INCLUDE_IN_FRAMEWORK_HEADER = YES;
				CLANG_WARN_RANGE_LOOP_ANALYSIS = YES;
				CLANG_WARN_STRICT_PROTOTYPES = YES;
				CLANG_WARN_SUSPICIOUS_MOVE = YES;
				CLANG_WARN_UNGUARDED_AVAILABILITY = YES_AGGRESSIVE;
				CLANG_WARN_UNREACHABLE_CODE = YES;
				CLANG_WARN__DUPLICATE_METHOD_MATCH = YES;
				COPY_PHASE_STRIP = NO;
				DEBUG_INFORMATION_FORMAT = dwarf;
				ENABLE_STRICT_OBJC_MSGSEND = YES;
				ENABLE_TESTABILITY = YES;
				GCC_C_LANGUAGE_STANDARD = gnu11;
				GCC_DYNAMIC_NO_PIC = NO;
				GCC_NO_COMMON_BLOCKS = YES;
				GCC_OPTIMIZATION_LEVEL = 0;
				GCC_PREPROCESSOR_DEFINITIONS = (
					"DEBUG=1",
					"$(inherited)",
				);
				GCC_WARN_64_TO_32_BIT_CONVERSION = YES;
				GCC_WARN_ABOUT_RETURN_TYPE = YES_ERROR;
				GCC_WARN_UNDECLARED_SELECTOR = YES;
				GCC_WARN_UNINITIALIZED_AUTOS = YES_AGGRESSIVE;
				GCC_WARN_UNUSED_FUNCTION = YES;
				GCC_WARN_UNUSED_VARIABLE = YES;
				IPHONEOS_DEPLOYMENT_TARGET = 14.4;
				MTL_ENABLE_DEBUG_INFO = INCLUDE_SOURCE;
				MTL_FAST_MATH = YES;
				ONLY_ACTIVE_ARCH = YES;
				SDKROOT = iphoneos;
				SWIFT_ACTIVE_COMPILATION_CONDITIONS = DEBUG;
				SWIFT_OPTIMIZATION_LEVEL = "-Onone";
			};
			name = Debug;
		};
		E789B6BF266B32F800E88C6B /* Release */ = {
			isa = XCBuildConfiguration;
			buildSettings = {
				ALWAYS_SEARCH_USER_PATHS = NO;
				CLANG_ANALYZER_NONNULL = YES;
				CLANG_ANALYZER_NUMBER_OBJECT_CONVERSION = YES_AGGRESSIVE;
				CLANG_CXX_LANGUAGE_STANDARD = "gnu++14";
				CLANG_CXX_LIBRARY = "libc++";
				CLANG_ENABLE_MODULES = YES;
				CLANG_ENABLE_OBJC_ARC = YES;
				CLANG_ENABLE_OBJC_WEAK = YES;
				CLANG_WARN_BLOCK_CAPTURE_AUTORELEASING = YES;
				CLANG_WARN_BOOL_CONVERSION = YES;
				CLANG_WARN_COMMA = YES;
				CLANG_WARN_CONSTANT_CONVERSION = YES;
				CLANG_WARN_DEPRECATED_OBJC_IMPLEMENTATIONS = YES;
				CLANG_WARN_DIRECT_OBJC_ISA_USAGE = YES_ERROR;
				CLANG_WARN_DOCUMENTATION_COMMENTS = YES;
				CLANG_WARN_EMPTY_BODY = YES;
				CLANG_WARN_ENUM_CONVERSION = YES;
				CLANG_WARN_INFINITE_RECURSION = YES;
				CLANG_WARN_INT_CONVERSION = YES;
				CLANG_WARN_NON_LITERAL_NULL_CONVERSION = YES;
				CLANG_WARN_OBJC_IMPLICIT_RETAIN_SELF = YES;
				CLANG_WARN_OBJC_LITERAL_CONVERSION = YES;
				CLANG_WARN_OBJC_ROOT_CLASS = YES_ERROR;
				CLANG_WARN_QUOTED_INCLUDE_IN_FRAMEWORK_HEADER = YES;
				CLANG_WARN_RANGE_LOOP_ANALYSIS = YES;
				CLANG_WARN_STRICT_PROTOTYPES = YES;
				CLANG_WARN_SUSPICIOUS_MOVE = YES;
				CLANG_WARN_UNGUARDED_AVAILABILITY = YES_AGGRESSIVE;
				CLANG_WARN_UNREACHABLE_CODE = YES;
				CLANG_WARN__DUPLICATE_METHOD_MATCH = YES;
				COPY_PHASE_STRIP = NO;
				DEBUG_INFORMATION_FORMAT = "dwarf-with-dsym";
				ENABLE_NS_ASSERTIONS = NO;
				ENABLE_STRICT_OBJC_MSGSEND = YES;
				GCC_C_LANGUAGE_STANDARD = gnu11;
				GCC_NO_COMMON_BLOCKS = YES;
				GCC_WARN_64_TO_32_BIT_CONVERSION = YES;
				GCC_WARN_ABOUT_RETURN_TYPE = YES_ERROR;
				GCC_WARN_UNDECLARED_SELECTOR = YES;
				GCC_WARN_UNINITIALIZED_AUTOS = YES_AGGRESSIVE;
				GCC_WARN_UNUSED_FUNCTION = YES;
				GCC_WARN_UNUSED_VARIABLE = YES;
				IPHONEOS_DEPLOYMENT_TARGET = 14.4;
				MTL_ENABLE_DEBUG_INFO = NO;
				MTL_FAST_MATH = YES;
				SDKROOT = iphoneos;
				SWIFT_COMPILATION_MODE = wholemodule;
				SWIFT_OPTIMIZATION_LEVEL = "-O";
				VALIDATE_PRODUCT = YES;
			};
			name = Release;
		};
		E789B6C1266B32F800E88C6B /* Debug */ = {
			isa = XCBuildConfiguration;
			buildSettings = {
				ASSETCATALOG_COMPILER_APPICON_NAME = AppIcon;
				ASSETCATALOG_COMPILER_GLOBAL_ACCENT_COLOR_NAME = AccentColor;
				CODE_SIGN_STYLE = Automatic;
				INFOPLIST_FILE = TikTokFeed/Info.plist;
				LD_RUNPATH_SEARCH_PATHS = (
					"$(inherited)",
					"@executable_path/Frameworks",
				);
				PRODUCT_BUNDLE_IDENTIFIER = com.HieuTong.TikTokFeed;
				PRODUCT_NAME = "$(TARGET_NAME)";
				SWIFT_VERSION = 5.0;
				TARGETED_DEVICE_FAMILY = "1,2";
			};
			name = Debug;
		};
		E789B6C2266B32F800E88C6B /* Release */ = {
			isa = XCBuildConfiguration;
			buildSettings = {
				ASSETCATALOG_COMPILER_APPICON_NAME = AppIcon;
				ASSETCATALOG_COMPILER_GLOBAL_ACCENT_COLOR_NAME = AccentColor;
				CODE_SIGN_STYLE = Automatic;
				INFOPLIST_FILE = TikTokFeed/Info.plist;
				LD_RUNPATH_SEARCH_PATHS = (
					"$(inherited)",
					"@executable_path/Frameworks",
				);
				PRODUCT_BUNDLE_IDENTIFIER = com.HieuTong.TikTokFeed;
				PRODUCT_NAME = "$(TARGET_NAME)";
				SWIFT_VERSION = 5.0;
				TARGETED_DEVICE_FAMILY = "1,2";
			};
			name = Release;
		};
/* End XCBuildConfiguration section */

/* Begin XCConfigurationList section */
		E789B6A7266B32EC00E88C6B /* Build configuration list for PBXProject "TikTokFeed" */ = {
			isa = XCConfigurationList;
			buildConfigurations = (
				E789B6BE266B32F800E88C6B /* Debug */,
				E789B6BF266B32F800E88C6B /* Release */,
			);
			defaultConfigurationIsVisible = 0;
			defaultConfigurationName = Release;
		};
		E789B6C0266B32F800E88C6B /* Build configuration list for PBXNativeTarget "TikTokFeed" */ = {
			isa = XCConfigurationList;
			buildConfigurations = (
				E789B6C1266B32F800E88C6B /* Debug */,
				E789B6C2266B32F800E88C6B /* Release */,
			);
			defaultConfigurationIsVisible = 0;
			defaultConfigurationName = Release;
		};
/* End XCConfigurationList section */
	};
	rootObject = E789B6A4266B32EC00E88C6B /* Project object */;
}
